
Microsoft Visual Studio Solution File, Format Version 11.00
# Visual Studio 2010
Project("{FAE04EC0-301F-11D3-BF4B-00C04F79EFBC}") = "Assembly-CSharp", "Assembly-CSharp.csproj", "{00EC115D-70D5-79D7-EF5F-7CC669E0DB04}"
EndProject
Global
	GlobalSection(SolutionConfigurationPlatforms) = preSolution
		Debug|Any CPU = Debug|Any CPU
		Release|Any CPU = Release|Any CPU
	EndGlobalSection
	GlobalSection(ProjectConfigurationPlatforms) = postSolution
		{00EC115D-70D5-79D7-EF5F-7CC669E0DB04}.Debug|Any CPU.ActiveCfg = Debug|Any CPU
		{00EC115D-70D5-79D7-EF5F-7CC669E0DB04}.Debug|Any CPU.Build.0 = Debug|Any CPU
		{00EC115D-70D5-79D7-EF5F-7CC669E0DB04}.Release|Any CPU.ActiveCfg = Release|Any CPU
		{00EC115D-70D5-79D7-EF5F-7CC669E0DB04}.Release|Any CPU.Build.0 = Release|Any CPU
	EndGlobalSection
	GlobalSection(SolutionProperties) = preSolution
		HideSolutionNode = FALSE
	EndGlobalSection
	GlobalSection(MonoDevelopProperties) = preSolution
		StartupItem = Assembly-CSharp.csproj
	EndGlobalSection
EndGlobal
